// !$*UTF8*$!
{
	archiveVersion = 1;
	classes = {
	};
	objectVersion = 48;
	objects = {

/* Begin PBXBuildFile section */
		94095B181FEFCE0100E53570 /* AppDelegate.swift in Sources */ = {isa = PBXBuildFile; fileRef = 94095B171FEFCE0100E53570 /* AppDelegate.swift */; };
		94095B1A1FEFCE0100E53570 /* art.scnassets in Resources */ = {isa = PBXBuildFile; fileRef = 94095B191FEFCE0100E53570 /* art.scnassets */; };
		94095B1C1FEFCE0100E53570 /* ViewController.swift in Sources */ = {isa = PBXBuildFile; fileRef = 94095B1B1FEFCE0100E53570 /* ViewController.swift */; };
		94095B1F1FEFCE0100E53570 /* Main.storyboard in Resources */ = {isa = PBXBuildFile; fileRef = 94095B1D1FEFCE0100E53570 /* Main.storyboard */; };
		94095B211FEFCE0100E53570 /* Assets.xcassets in Resources */ = {isa = PBXBuildFile; fileRef = 94095B201FEFCE0100E53570 /* Assets.xcassets */; };
		94095B241FEFCE0100E53570 /* LaunchScreen.storyboard in Resources */ = {isa = PBXBuildFile; fileRef = 94095B221FEFCE0100E53570 /* LaunchScreen.storyboard */; };
		94095B2C1FEFD1CC00E53570 /* Mask.swift in Sources */ = {isa = PBXBuildFile; fileRef = 94095B2B1FEFD1CC00E53570 /* Mask.swift */; };
		94095B2E1FEFD6E600E53570 /* SettingsPopoverController.swift in Sources */ = {isa = PBXBuildFile; fileRef = 94095B2D1FEFD6E600E53570 /* SettingsPopoverController.swift */; };
		94095B371FF02B5400E53570 /* Utilities.swift in Sources */ = {isa = PBXBuildFile; fileRef = 94095B361FF02B5400E53570 /* Utilities.swift */; };
		94095B391FF031AB00E53570 /* Template.txt in Resources */ = {isa = PBXBuildFile; fileRef = 94095B381FF031AB00E53570 /* Template.txt */; };
		94095B3B1FF072D100E53570 /* README.md in Resources */ = {isa = PBXBuildFile; fileRef = 94095B3A1FF072D100E53570 /* README.md */; };
/* End PBXBuildFile section */

/* Begin PBXFileReference section */
		94095B141FEFCE0100E53570 /* face-mesh.app */ = {isa = PBXFileReference; explicitFileType = wrapper.application; includeInIndex = 0; path = "face-mesh.app"; sourceTree = BUILT_PRODUCTS_DIR; };
		94095B171FEFCE0100E53570 /* AppDelegate.swift */ = {isa = PBXFileReference; lastKnownFileType = sourcecode.swift; path = AppDelegate.swift; sourceTree = "<group>"; };
		94095B191FEFCE0100E53570 /* art.scnassets */ = {isa = PBXFileReference; lastKnownFileType = wrapper.scnassets; path = art.scnassets; sourceTree = "<group>"; };
		94095B1B1FEFCE0100E53570 /* ViewController.swift */ = {isa = PBXFileReference; lastKnownFileType = sourcecode.swift; path = ViewController.swift; sourceTree = "<group>"; };
		94095B1E1FEFCE0100E53570 /* Base */ = {isa = PBXFileReference; lastKnownFileType = file.storyboard; name = Base; path = Base.lproj/Main.storyboard; sourceTree = "<group>"; };
		94095B201FEFCE0100E53570 /* Assets.xcassets */ = {isa = PBXFileReference; lastKnownFileType = folder.assetcatalog; path = Assets.xcassets; sourceTree = "<group>"; };
		94095B231FEFCE0100E53570 /* Base */ = {isa = PBXFileReference; lastKnownFileType = file.storyboard; name = Base; path = Base.lproj/LaunchScreen.storyboard; sourceTree = "<group>"; };
		94095B251FEFCE0100E53570 /* Info.plist */ = {isa = PBXFileReference; lastKnownFileType = text.plist.xml; path = Info.plist; sourceTree = "<group>"; };
		94095B2B1FEFD1CC00E53570 /* Mask.swift */ = {isa = PBXFileReference; fileEncoding = 4; lastKnownFileType = sourcecode.swift; path = Mask.swift; sourceTree = "<group>"; };
		94095B2D1FEFD6E600E53570 /* SettingsPopoverController.swift */ = {isa = PBXFileReference; lastKnownFileType = sourcecode.swift; path = SettingsPopoverController.swift; sourceTree = "<group>"; };
		94095B361FF02B5400E53570 /* Utilities.swift */ = {isa = PBXFileReference; lastKnownFileType = sourcecode.swift; path = Utilities.swift; sourceTree = "<group>"; };
		94095B381FF031AB00E53570 /* Template.txt */ = {isa = PBXFileReference; lastKnownFileType = text; path = Template.txt; sourceTree = "<group>"; };
		94095B3A1FF072D100E53570 /* README.md */ = {isa = PBXFileReference; fileEncoding = 4; lastKnownFileType = net.daringfireball.markdown; path = README.md; sourceTree = "<group>"; };
/* End PBXFileReference section */

/* Begin PBXFrameworksBuildPhase section */
		94095B111FEFCE0100E53570 /* Frameworks */ = {
			isa = PBXFrameworksBuildPhase;
			buildActionMask = 2147483647;
			files = (
			);
			runOnlyForDeploymentPostprocessing = 0;
		};
/* End PBXFrameworksBuildPhase section */

/* Begin PBXGroup section */
		94095B0B1FEFCE0100E53570 = {
			isa = PBXGroup;
			children = (
				94095B3A1FF072D100E53570 /* README.md */,
				94095B161FEFCE0100E53570 /* face-mesh */,
				94095B151FEFCE0100E53570 /* Products */,
			);
			sourceTree = "<group>";
		};
		94095B151FEFCE0100E53570 /* Products */ = {
			isa = PBXGroup;
			children = (
				94095B141FEFCE0100E53570 /* face-mesh.app */,
			);
			name = Products;
			sourceTree = "<group>";
		};
		94095B161FEFCE0100E53570 /* face-mesh */ = {
			isa = PBXGroup;
			children = (
				94095B171FEFCE0100E53570 /* AppDelegate.swift */,
				94095B2B1FEFD1CC00E53570 /* Mask.swift */,
				94095B191FEFCE0100E53570 /* art.scnassets */,
				94095B1B1FEFCE0100E53570 /* ViewController.swift */,
				94095B1D1FEFCE0100E53570 /* Main.storyboard */,
				94095B201FEFCE0100E53570 /* Assets.xcassets */,
				94095B221FEFCE0100E53570 /* LaunchScreen.storyboard */,
				94095B251FEFCE0100E53570 /* Info.plist */,
				94095B2D1FEFD6E600E53570 /* SettingsPopoverController.swift */,
				94095B361FF02B5400E53570 /* Utilities.swift */,
				94095B381FF031AB00E53570 /* Template.txt */,
			);
			path = "face-mesh";
			sourceTree = "<group>";
		};
/* End PBXGroup section */

/* Begin PBXNativeTarget section */
		94095B131FEFCE0100E53570 /* face-mesh */ = {
			isa = PBXNativeTarget;
			buildConfigurationList = 94095B281FEFCE0100E53570 /* Build configuration list for PBXNativeTarget "face-mesh" */;
			buildPhases = (
				94095B101FEFCE0100E53570 /* Sources */,
				94095B111FEFCE0100E53570 /* Frameworks */,
				94095B121FEFCE0100E53570 /* Resources */,
			);
			buildRules = (
			);
			dependencies = (
			);
			name = "face-mesh";
			productName = "face-mesh";
			productReference = 94095B141FEFCE0100E53570 /* face-mesh.app */;
			productType = "com.apple.product-type.application";
		};
/* End PBXNativeTarget section */

/* Begin PBXProject section */
		94095B0C1FEFCE0100E53570 /* Project object */ = {
			isa = PBXProject;
			attributes = {
				LastSwiftUpdateCheck = 0920;
				LastUpgradeCheck = 0920;
				ORGANIZATIONNAME = "Ryan Poole";
				TargetAttributes = {
					94095B131FEFCE0100E53570 = {
						CreatedOnToolsVersion = 9.2;
						ProvisioningStyle = Automatic;
					};
				};
			};
			buildConfigurationList = 94095B0F1FEFCE0100E53570 /* Build configuration list for PBXProject "face-mesh" */;
			compatibilityVersion = "Xcode 8.0";
			developmentRegion = en;
			hasScannedForEncodings = 0;
			knownRegions = (
				en,
				Base,
			);
			mainGroup = 94095B0B1FEFCE0100E53570;
			productRefGroup = 94095B151FEFCE0100E53570 /* Products */;
			projectDirPath = "";
			projectRoot = "";
			targets = (
				94095B131FEFCE0100E53570 /* face-mesh */,
			);
		};
/* End PBXProject section */

/* Begin PBXResourcesBuildPhase section */
		94095B121FEFCE0100E53570 /* Resources */ = {
			isa = PBXResourcesBuildPhase;
			buildActionMask = 2147483647;
			files = (
				94095B3B1FF072D100E53570 /* README.md in Resources */,
				94095B1A1FEFCE0100E53570 /* art.scnassets in Resources */,
				94095B391FF031AB00E53570 /* Template.txt in Resources */,
				94095B241FEFCE0100E53570 /* LaunchScreen.storyboard in Resources */,
				94095B211FEFCE0100E53570 /* Assets.xcassets in Resources */,
				94095B1F1FEFCE0100E53570 /* Main.storyboard in Resources */,
			);
			runOnlyForDeploymentPostprocessing = 0;
		};
/* End PBXResourcesBuildPhase section */

/* Begin PBXSourcesBuildPhase section */
		94095B101FEFCE0100E53570 /* Sources */ = {
			isa = PBXSourcesBuildPhase;
			buildActionMask = 2147483647;
			files = (
				94095B1C1FEFCE0100E53570 /* ViewController.swift in Sources */,
				94095B181FEFCE0100E53570 /* AppDelegate.swift in Sources */,
				94095B2E1FEFD6E600E53570 /* SettingsPopoverController.swift in Sources */,
				94095B371FF02B5400E53570 /* Utilities.swift in Sources */,
				94095B2C1FEFD1CC00E53570 /* Mask.swift in Sources */,
			);
			runOnlyForDeploymentPostprocessing = 0;
		};
/* End PBXSourcesBuildPhase section */

/* Begin PBXVariantGroup section */
		94095B1D1FEFCE0100E53570 /* Main.storyboard */ = {
			isa = PBXVariantGroup;
			children = (
				94095B1E1FEFCE0100E53570 /* Base */,
			);
			name = Main.storyboard;
			sourceTree = "<group>";
		};
		94095B221FEFCE0100E53570 /* LaunchScreen.storyboard */ = {
			isa = PBXVariantGroup;
			children = (
				94095B231FEFCE0100E53570 /* Base */,
			);
			name = LaunchScreen.storyboard;
			sourceTree = "<group>";
		};
/* End PBXVariantGroup section */

/* Begin XCBuildConfiguration section */
		94095B261FEFCE0100E53570 /* Debug */ = {
			isa = XCBuildConfiguration;
			buildSettings = {
				ALWAYS_SEARCH_USER_PATHS = NO;
				CLANG_ANALYZER_NONNULL = YES;
				CLANG_ANALYZER_NUMBER_OBJECT_CONVERSION = YES_AGGRESSIVE;
				CLANG_CXX_LANGUAGE_STANDARD = "gnu++14";
				CLANG_CXX_LIBRARY = "libc++";
				CLANG_ENABLE_MODULES = YES;
				CLANG_ENABLE_OBJC_ARC = YES;
				CLANG_WARN_BLOCK_CAPTURE_AUTORELEASING = YES;
				CLANG_WARN_BOOL_CONVERSION = YES;
				CLANG_WARN_COMMA = YES;
				CLANG_WARN_CONSTANT_CONVERSION = YES;
				CLANG_WARN_DIRECT_OBJC_ISA_USAGE = YES_ERROR;
				CLANG_WARN_DOCUMENTATION_COMMENTS = YES;
				CLANG_WARN_EMPTY_BODY = YES;
				CLANG_WARN_ENUM_CONVERSION = YES;
				CLANG_WARN_INFINITE_RECURSION = YES;
				CLANG_WARN_INT_CONVERSION = YES;
				CLANG_WARN_NON_LITERAL_NULL_CONVERSION = YES;
				CLANG_WARN_OBJC_LITERAL_CONVERSION = YES;
				CLANG_WARN_OBJC_ROOT_CLASS = YES_ERROR;
				CLANG_WARN_RANGE_LOOP_ANALYSIS = YES;
				CLANG_WARN_STRICT_PROTOTYPES = YES;
				CLANG_WARN_SUSPICIOUS_MOVE = YES;
				CLANG_WARN_UNGUARDED_AVAILABILITY = YES_AGGRESSIVE;
				CLANG_WARN_UNREACHABLE_CODE = YES;
				CLANG_WARN__DUPLICATE_METHOD_MATCH = YES;
				CODE_SIGN_IDENTITY = "iPhone Developer";
				COPY_PHASE_STRIP = NO;
				DEBUG_INFORMATION_FORMAT = dwarf;
				ENABLE_STRICT_OBJC_MSGSEND = YES;
				ENABLE_TESTABILITY = YES;
				GCC_C_LANGUAGE_STANDARD = gnu11;
				GCC_DYNAMIC_NO_PIC = NO;
				GCC_NO_COMMON_BLOCKS = YES;
				GCC_OPTIMIZATION_LEVEL = 0;
				GCC_PREPROCESSOR_DEFINITIONS = (
					"DEBUG=1",
					"$(inherited)",
				);
				GCC_WARN_64_TO_32_BIT_CONVERSION = YES;
				GCC_WARN_ABOUT_RETURN_TYPE = YES_ERROR;
				GCC_WARN_UNDECLARED_SELECTOR = YES;
				GCC_WARN_UNINITIALIZED_AUTOS = YES_AGGRESSIVE;
				GCC_WARN_UNUSED_FUNCTION = YES;
				GCC_WARN_UNUSED_VARIABLE = YES;
				IPHONEOS_DEPLOYMENT_TARGET = 11.2;
				MTL_ENABLE_DEBUG_INFO = YES;
				ONLY_ACTIVE_ARCH = YES;
				SDKROOT = iphoneos;
				SWIFT_ACTIVE_COMPILATION_CONDITIONS = DEBUG;
				SWIFT_OPTIMIZATION_LEVEL = "-Onone";
			};
			name = Debug;
		};
		94095B271FEFCE0100E53570 /* Release */ = {
			isa = XCBuildConfiguration;
			buildSettings = {
				ALWAYS_SEARCH_USER_PATHS = NO;
				CLANG_ANALYZER_NONNULL = YES;
				CLANG_ANALYZER_NUMBER_OBJECT_CONVERSION = YES_AGGRESSIVE;
				CLANG_CXX_LANGUAGE_STANDARD = "gnu++14";
				CLANG_CXX_LIBRARY = "libc++";
				CLANG_ENABLE_MODULES = YES;
				CLANG_ENABLE_OBJC_ARC = YES;
				CLANG_WARN_BLOCK_CAPTURE_AUTORELEASING = YES;
				CLANG_WARN_BOOL_CONVERSION = YES;
				CLANG_WARN_COMMA = YES;
				CLANG_WARN_CONSTANT_CONVERSION = YES;
				CLANG_WARN_DIRECT_OBJC_ISA_USAGE = YES_ERROR;
				CLANG_WARN_DOCUMENTATION_COMMENTS = YES;
				CLANG_WARN_EMPTY_BODY = YES;
				CLANG_WARN_ENUM_CONVERSION = YES;
				CLANG_WARN_INFINITE_RECURSION = YES;
				CLANG_WARN_INT_CONVERSION = YES;
				CLANG_WARN_NON_LITERAL_NULL_CONVERSION = YES;
				CLANG_WARN_OBJC_LITERAL_CONVERSION = YES;
				CLANG_WARN_OBJC_ROOT_CLASS = YES_ERROR;
				CLANG_WARN_RANGE_LOOP_ANALYSIS = YES;
				CLANG_WARN_STRICT_PROTOTYPES = YES;
				CLANG_WARN_SUSPICIOUS_MOVE = YES;
				CLANG_WARN_UNGUARDED_AVAILABILITY = YES_AGGRESSIVE;
				CLANG_WARN_UNREACHABLE_CODE = YES;
				CLANG_WARN__DUPLICATE_METHOD_MATCH = YES;
				CODE_SIGN_IDENTITY = "iPhone Developer";
				COPY_PHASE_STRIP = NO;
				DEBUG_INFORMATION_FORMAT = "dwarf-with-dsym";
				ENABLE_NS_ASSERTIONS = NO;
				ENABLE_STRICT_OBJC_MSGSEND = YES;
				GCC_C_LANGUAGE_STANDARD = gnu11;
				GCC_NO_COMMON_BLOCKS = YES;
				GCC_WARN_64_TO_32_BIT_CONVERSION = YES;
				GCC_WARN_ABOUT_RETURN_TYPE = YES_ERROR;
				GCC_WARN_UNDECLARED_SELECTOR = YES;
				GCC_WARN_UNINITIALIZED_AUTOS = YES_AGGRESSIVE;
				GCC_WARN_UNUSED_FUNCTION = YES;
				GCC_WARN_UNUSED_VARIABLE = YES;
				IPHONEOS_DEPLOYMENT_TARGET = 11.2;
				MTL_ENABLE_DEBUG_INFO = NO;
				SDKROOT = iphoneos;
				SWIFT_OPTIMIZATION_LEVEL = "-Owholemodule";
				VALIDATE_PRODUCT = YES;
			};
			name = Release;
		};
		94095B291FEFCE0100E53570 /* Debug */ = {
			isa = XCBuildConfiguration;
			buildSettings = {
				ASSETCATALOG_COMPILER_APPICON_NAME = AppIcon;
				CODE_SIGN_STYLE = Automatic;
				DEVELOPMENT_TEAM = 7QK259T68S;
				INFOPLIST_FILE = "face-mesh/Info.plist";
				LD_RUNPATH_SEARCH_PATHS = "$(inherited) @executable_path/Frameworks";
				PRODUCT_BUNDLE_IDENTIFIER = "com.ryanpoole.face-mesh";
				PRODUCT_NAME = "$(TARGET_NAME)";
				SWIFT_VERSION = 4.0;
				TARGETED_DEVICE_FAMILY = 1;
			};
			name = Debug;
		};
		94095B2A1FEFCE0100E53570 /* Release */ = {
			isa = XCBuildConfiguration;
			buildSettings = {
				ASSETCATALOG_COMPILER_APPICON_NAME = AppIcon;
				CODE_SIGN_STYLE = Automatic;
				DEVELOPMENT_TEAM = 7QK259T68S;
				INFOPLIST_FILE = "face-mesh/Info.plist";
				LD_RUNPATH_SEARCH_PATHS = "$(inherited) @executable_path/Frameworks";
				PRODUCT_BUNDLE_IDENTIFIER = "com.ryanpoole.face-mesh";
				PRODUCT_NAME = "$(TARGET_NAME)";
				SWIFT_VERSION = 4.0;
				TARGETED_DEVICE_FAMILY = 1;
			};
			name = Release;
		};
/* End XCBuildConfiguration section */

/* Begin XCConfigurationList section */
		94095B0F1FEFCE0100E53570 /* Build configuration list for PBXProject "face-mesh" */ = {
			isa = XCConfigurationList;
			buildConfigurations = (
				94095B261FEFCE0100E53570 /* Debug */,
				94095B271FEFCE0100E53570 /* Release */,
			);
			defaultConfigurationIsVisible = 0;
			defaultConfigurationName = Release;
		};
		94095B281FEFCE0100E53570 /* Build configuration list for PBXNativeTarget "face-mesh" */ = {
			isa = XCConfigurationList;
			buildConfigurations = (
				94095B291FEFCE0100E53570 /* Debug */,
				94095B2A1FEFCE0100E53570 /* Release */,
			);
			defaultConfigurationIsVisible = 0;
			defaultConfigurationName = Release;
		};
/* End XCConfigurationList section */
	};
	rootObject = 94095B0C1FEFCE0100E53570 /* Project object */;
}
